// !$*UTF8*$!
{
	archiveVersion = 1;
	classes = {
	};
	objectVersion = 46;
	objects = {

/* Begin PBXBuildFile section */
		DE5B836B1BFBD019008F3F2B /* main.m in Sources */ = {isa = PBXBuildFile; fileRef = DE5B836A1BFBD019008F3F2B /* main.m */; };
		DE5B836E1BFBD019008F3F2B /* AppDelegate.m in Sources */ = {isa = PBXBuildFile; fileRef = DE5B836D1BFBD019008F3F2B /* AppDelegate.m */; };
		DE5B83761BFBD019008F3F2B /* Images.xcassets in Resources */ = {isa = PBXBuildFile; fileRef = DE5B83751BFBD019008F3F2B /* Images.xcassets */; };
		DE5B83791BFBD019008F3F2B /* LaunchScreen.xib in Resources */ = {isa = PBXBuildFile; fileRef = DE5B83771BFBD019008F3F2B /* LaunchScreen.xib */; };
		DE5B83851BFBD019008F3F2B /* MonthTrackerTests.m in Sources */ = {isa = PBXBuildFile; fileRef = DE5B83841BFBD019008F3F2B /* MonthTrackerTests.m */; };
		DE5B83991BFBE2DB008F3F2B /* IncomeExpenseViewController.m in Sources */ = {isa = PBXBuildFile; fileRef = DE5B83971BFBE2DB008F3F2B /* IncomeExpenseViewController.m */; };
		DE5B83A01BFBF607008F3F2B /* IncomeViewController.m in Sources */ = {isa = PBXBuildFile; fileRef = DE5B839E1BFBF607008F3F2B /* IncomeViewController.m */; };
		DE5B83A11BFBF607008F3F2B /* IncomeViewController.xib in Resources */ = {isa = PBXBuildFile; fileRef = DE5B839F1BFBF607008F3F2B /* IncomeViewController.xib */; };
		DE5B83A51BFBF73E008F3F2B /* ExpensiveViewController.m in Sources */ = {isa = PBXBuildFile; fileRef = DE5B83A31BFBF73E008F3F2B /* ExpensiveViewController.m */; };
		DE5B83A61BFBF73E008F3F2B /* ExpensiveViewController.xib in Resources */ = {isa = PBXBuildFile; fileRef = DE5B83A41BFBF73E008F3F2B /* ExpensiveViewController.xib */; };
		DE5B83AA1BFC0148008F3F2B /* MonthPickerViewController.m in Sources */ = {isa = PBXBuildFile; fileRef = DE5B83A81BFC0148008F3F2B /* MonthPickerViewController.m */; };
		DE5B83AB1BFC0148008F3F2B /* MonthPickerViewController.xib in Resources */ = {isa = PBXBuildFile; fileRef = DE5B83A91BFC0148008F3F2B /* MonthPickerViewController.xib */; };
		DEE8D1A61BFD36D400213F9F /* Income.m in Sources */ = {isa = PBXBuildFile; fileRef = DEE8D1A31BFD36D400213F9F /* Income.m */; };
		DEE8D1A71BFD36D400213F9F /* IncomeStore.m in Sources */ = {isa = PBXBuildFile; fileRef = DEE8D1A51BFD36D400213F9F /* IncomeStore.m */; };
		DEE8D1AD1BFD37FC00213F9F /* ItemsViewController.m in Sources */ = {isa = PBXBuildFile; fileRef = DEE8D1AB1BFD37FC00213F9F /* ItemsViewController.m */; };
		DEE8D1AE1BFD37FC00213F9F /* ItemsViewController.xib in Resources */ = {isa = PBXBuildFile; fileRef = DEE8D1AC1BFD37FC00213F9F /* ItemsViewController.xib */; };
/* End PBXBuildFile section */

/* Begin PBXContainerItemProxy section */
		DE5B837F1BFBD019008F3F2B /* PBXContainerItemProxy */ = {
			isa = PBXContainerItemProxy;
			containerPortal = DE5B835D1BFBD019008F3F2B /* Project object */;
			proxyType = 1;
			remoteGlobalIDString = DE5B83641BFBD019008F3F2B;
			remoteInfo = MonthTracker;
		};
/* End PBXContainerItemProxy section */

/* Begin PBXFileReference section */
		DE5B83651BFBD019008F3F2B /* MonthTracker.app */ = {isa = PBXFileReference; explicitFileType = wrapper.application; includeInIndex = 0; path = MonthTracker.app; sourceTree = BUILT_PRODUCTS_DIR; };
		DE5B83691BFBD019008F3F2B /* Info.plist */ = {isa = PBXFileReference; lastKnownFileType = text.plist.xml; path = Info.plist; sourceTree = "<group>"; };
		DE5B836A1BFBD019008F3F2B /* main.m */ = {isa = PBXFileReference; lastKnownFileType = sourcecode.c.objc; path = main.m; sourceTree = "<group>"; };
		DE5B836C1BFBD019008F3F2B /* AppDelegate.h */ = {isa = PBXFileReference; lastKnownFileType = sourcecode.c.h; path = AppDelegate.h; sourceTree = "<group>"; };
		DE5B836D1BFBD019008F3F2B /* AppDelegate.m */ = {isa = PBXFileReference; lastKnownFileType = sourcecode.c.objc; path = AppDelegate.m; sourceTree = "<group>"; };
		DE5B83751BFBD019008F3F2B /* Images.xcassets */ = {isa = PBXFileReference; lastKnownFileType = folder.assetcatalog; path = Images.xcassets; sourceTree = "<group>"; };
		DE5B83781BFBD019008F3F2B /* Base */ = {isa = PBXFileReference; lastKnownFileType = file.xib; name = Base; path = Base.lproj/LaunchScreen.xib; sourceTree = "<group>"; };
		DE5B837E1BFBD019008F3F2B /* MonthTrackerTests.xctest */ = {isa = PBXFileReference; explicitFileType = wrapper.cfbundle; includeInIndex = 0; path = MonthTrackerTests.xctest; sourceTree = BUILT_PRODUCTS_DIR; };
		DE5B83831BFBD019008F3F2B /* Info.plist */ = {isa = PBXFileReference; lastKnownFileType = text.plist.xml; path = Info.plist; sourceTree = "<group>"; };
		DE5B83841BFBD019008F3F2B /* MonthTrackerTests.m */ = {isa = PBXFileReference; lastKnownFileType = sourcecode.c.objc; path = MonthTrackerTests.m; sourceTree = "<group>"; };
		DE5B83961BFBE2DB008F3F2B /* IncomeExpenseViewController.h */ = {isa = PBXFileReference; fileEncoding = 4; lastKnownFileType = sourcecode.c.h; path = IncomeExpenseViewController.h; sourceTree = "<group>"; };
		DE5B83971BFBE2DB008F3F2B /* IncomeExpenseViewController.m */ = {isa = PBXFileReference; fileEncoding = 4; lastKnownFileType = sourcecode.c.objc; path = IncomeExpenseViewController.m; sourceTree = "<group>"; };
		DE5B839D1BFBF607008F3F2B /* IncomeViewController.h */ = {isa = PBXFileReference; fileEncoding = 4; lastKnownFileType = sourcecode.c.h; path = IncomeViewController.h; sourceTree = "<group>"; };
		DE5B839E1BFBF607008F3F2B /* IncomeViewController.m */ = {isa = PBXFileReference; fileEncoding = 4; lastKnownFileType = sourcecode.c.objc; path = IncomeViewController.m; sourceTree = "<group>"; };
		DE5B839F1BFBF607008F3F2B /* IncomeViewController.xib */ = {isa = PBXFileReference; fileEncoding = 4; lastKnownFileType = file.xib; path = IncomeViewController.xib; sourceTree = "<group>"; };
		DE5B83A21BFBF73E008F3F2B /* ExpensiveViewController.h */ = {isa = PBXFileReference; fileEncoding = 4; lastKnownFileType = sourcecode.c.h; path = ExpensiveViewController.h; sourceTree = "<group>"; };
		DE5B83A31BFBF73E008F3F2B /* ExpensiveViewController.m */ = {isa = PBXFileReference; fileEncoding = 4; lastKnownFileType = sourcecode.c.objc; path = ExpensiveViewController.m; sourceTree = "<group>"; };
		DE5B83A41BFBF73E008F3F2B /* ExpensiveViewController.xib */ = {isa = PBXFileReference; fileEncoding = 4; lastKnownFileType = file.xib; path = ExpensiveViewController.xib; sourceTree = "<group>"; };
		DE5B83A71BFC0148008F3F2B /* MonthPickerViewController.h */ = {isa = PBXFileReference; fileEncoding = 4; lastKnownFileType = sourcecode.c.h; path = MonthPickerViewController.h; sourceTree = "<group>"; };
		DE5B83A81BFC0148008F3F2B /* MonthPickerViewController.m */ = {isa = PBXFileReference; fileEncoding = 4; lastKnownFileType = sourcecode.c.objc; path = MonthPickerViewController.m; sourceTree = "<group>"; };
		DE5B83A91BFC0148008F3F2B /* MonthPickerViewController.xib */ = {isa = PBXFileReference; fileEncoding = 4; lastKnownFileType = file.xib; path = MonthPickerViewController.xib; sourceTree = "<group>"; };
		DEE8D1A21BFD36D400213F9F /* Income.h */ = {isa = PBXFileReference; fileEncoding = 4; lastKnownFileType = sourcecode.c.h; path = Income.h; sourceTree = "<group>"; };
		DEE8D1A31BFD36D400213F9F /* Income.m */ = {isa = PBXFileReference; fileEncoding = 4; lastKnownFileType = sourcecode.c.objc; path = Income.m; sourceTree = "<group>"; };
		DEE8D1A41BFD36D400213F9F /* IncomeStore.h */ = {isa = PBXFileReference; fileEncoding = 4; lastKnownFileType = sourcecode.c.h; path = IncomeStore.h; sourceTree = "<group>"; };
		DEE8D1A51BFD36D400213F9F /* IncomeStore.m */ = {isa = PBXFileReference; fileEncoding = 4; lastKnownFileType = sourcecode.c.objc; path = IncomeStore.m; sourceTree = "<group>"; };
		DEE8D1AA1BFD37FC00213F9F /* ItemsViewController.h */ = {isa = PBXFileReference; fileEncoding = 4; lastKnownFileType = sourcecode.c.h; path = ItemsViewController.h; sourceTree = "<group>"; };
		DEE8D1AB1BFD37FC00213F9F /* ItemsViewController.m */ = {isa = PBXFileReference; fileEncoding = 4; lastKnownFileType = sourcecode.c.objc; path = ItemsViewController.m; sourceTree = "<group>"; };
		DEE8D1AC1BFD37FC00213F9F /* ItemsViewController.xib */ = {isa = PBXFileReference; fileEncoding = 4; lastKnownFileType = file.xib; path = ItemsViewController.xib; sourceTree = "<group>"; };
/* End PBXFileReference section */

/* Begin PBXFrameworksBuildPhase section */
		DE5B83621BFBD019008F3F2B /* Frameworks */ = {
			isa = PBXFrameworksBuildPhase;
			buildActionMask = 2147483647;
			files = (
			);
			runOnlyForDeploymentPostprocessing = 0;
		};
		DE5B837B1BFBD019008F3F2B /* Frameworks */ = {
			isa = PBXFrameworksBuildPhase;
			buildActionMask = 2147483647;
			files = (
			);
			runOnlyForDeploymentPostprocessing = 0;
		};
/* End PBXFrameworksBuildPhase section */

/* Begin PBXGroup section */
		DE5B835C1BFBD019008F3F2B = {
			isa = PBXGroup;
			children = (
				DE5B83671BFBD019008F3F2B /* MonthTracker */,
				DE5B83811BFBD019008F3F2B /* MonthTrackerTests */,
				DE5B83661BFBD019008F3F2B /* Products */,
			);
			sourceTree = "<group>";
		};
		DE5B83661BFBD019008F3F2B /* Products */ = {
			isa = PBXGroup;
			children = (
				DE5B83651BFBD019008F3F2B /* MonthTracker.app */,
				DE5B837E1BFBD019008F3F2B /* MonthTrackerTests.xctest */,
			);
			name = Products;
			sourceTree = "<group>";
		};
		DE5B83671BFBD019008F3F2B /* MonthTracker */ = {
			isa = PBXGroup;
			children = (
				DE5B836C1BFBD019008F3F2B /* AppDelegate.h */,
				DE5B836D1BFBD019008F3F2B /* AppDelegate.m */,
				DE5B83A71BFC0148008F3F2B /* MonthPickerViewController.h */,
				DE5B83A81BFC0148008F3F2B /* MonthPickerViewController.m */,
				DE5B83A91BFC0148008F3F2B /* MonthPickerViewController.xib */,
				DE5B83961BFBE2DB008F3F2B /* IncomeExpenseViewController.h */,
				DE5B83971BFBE2DB008F3F2B /* IncomeExpenseViewController.m */,
				DEE8D1AA1BFD37FC00213F9F /* ItemsViewController.h */,
				DEE8D1AB1BFD37FC00213F9F /* ItemsViewController.m */,
				DEE8D1AC1BFD37FC00213F9F /* ItemsViewController.xib */,
				DE5B839D1BFBF607008F3F2B /* IncomeViewController.h */,
				DE5B839E1BFBF607008F3F2B /* IncomeViewController.m */,
				DE5B839F1BFBF607008F3F2B /* IncomeViewController.xib */,
				DE5B83A21BFBF73E008F3F2B /* ExpensiveViewController.h */,
				DE5B83A31BFBF73E008F3F2B /* ExpensiveViewController.m */,
				DE5B83A41BFBF73E008F3F2B /* ExpensiveViewController.xib */,
				DEE8D1A21BFD36D400213F9F /* Income.h */,
				DEE8D1A31BFD36D400213F9F /* Income.m */,
				DEE8D1A41BFD36D400213F9F /* IncomeStore.h */,
				DEE8D1A51BFD36D400213F9F /* IncomeStore.m */,
				DE5B83751BFBD019008F3F2B /* Images.xcassets */,
				DE5B83771BFBD019008F3F2B /* LaunchScreen.xib */,
				DE5B83681BFBD019008F3F2B /* Supporting Files */,
			);
			path = MonthTracker;
			sourceTree = "<group>";
		};
		DE5B83681BFBD019008F3F2B /* Supporting Files */ = {
			isa = PBXGroup;
			children = (
				DE5B83691BFBD019008F3F2B /* Info.plist */,
				DE5B836A1BFBD019008F3F2B /* main.m */,
			);
			name = "Supporting Files";
			sourceTree = "<group>";
		};
		DE5B83811BFBD019008F3F2B /* MonthTrackerTests */ = {
			isa = PBXGroup;
			children = (
				DE5B83841BFBD019008F3F2B /* MonthTrackerTests.m */,
				DE5B83821BFBD019008F3F2B /* Supporting Files */,
			);
			path = MonthTrackerTests;
			sourceTree = "<group>";
		};
		DE5B83821BFBD019008F3F2B /* Supporting Files */ = {
			isa = PBXGroup;
			children = (
				DE5B83831BFBD019008F3F2B /* Info.plist */,
			);
			name = "Supporting Files";
			sourceTree = "<group>";
		};
/* End PBXGroup section */

/* Begin PBXNativeTarget section */
		DE5B83641BFBD019008F3F2B /* MonthTracker */ = {
			isa = PBXNativeTarget;
			buildConfigurationList = DE5B83881BFBD019008F3F2B /* Build configuration list for PBXNativeTarget "MonthTracker" */;
			buildPhases = (
				DE5B83611BFBD019008F3F2B /* Sources */,
				DE5B83621BFBD019008F3F2B /* Frameworks */,
				DE5B83631BFBD019008F3F2B /* Resources */,
			);
			buildRules = (
			);
			dependencies = (
			);
			name = MonthTracker;
			productName = MonthTracker;
			productReference = DE5B83651BFBD019008F3F2B /* MonthTracker.app */;
			productType = "com.apple.product-type.application";
		};
		DE5B837D1BFBD019008F3F2B /* MonthTrackerTests */ = {
			isa = PBXNativeTarget;
			buildConfigurationList = DE5B838B1BFBD019008F3F2B /* Build configuration list for PBXNativeTarget "MonthTrackerTests" */;
			buildPhases = (
				DE5B837A1BFBD019008F3F2B /* Sources */,
				DE5B837B1BFBD019008F3F2B /* Frameworks */,
				DE5B837C1BFBD019008F3F2B /* Resources */,
			);
			buildRules = (
			);
			dependencies = (
				DE5B83801BFBD019008F3F2B /* PBXTargetDependency */,
			);
			name = MonthTrackerTests;
			productName = MonthTrackerTests;
			productReference = DE5B837E1BFBD019008F3F2B /* MonthTrackerTests.xctest */;
			productType = "com.apple.product-type.bundle.unit-test";
		};
/* End PBXNativeTarget section */

/* Begin PBXProject section */
		DE5B835D1BFBD019008F3F2B /* Project object */ = {
			isa = PBXProject;
			attributes = {
				LastUpgradeCheck = 0640;
				TargetAttributes = {
					DE5B83641BFBD019008F3F2B = {
						CreatedOnToolsVersion = 6.4;
					};
					DE5B837D1BFBD019008F3F2B = {
						CreatedOnToolsVersion = 6.4;
						TestTargetID = DE5B83641BFBD019008F3F2B;
					};
				};
			};
			buildConfigurationList = DE5B83601BFBD019008F3F2B /* Build configuration list for PBXProject "MonthTracker" */;
			compatibilityVersion = "Xcode 3.2";
			developmentRegion = English;
			hasScannedForEncodings = 0;
			knownRegions = (
				en,
				Base,
			);
			mainGroup = DE5B835C1BFBD019008F3F2B;
			productRefGroup = DE5B83661BFBD019008F3F2B /* Products */;
			projectDirPath = "";
			projectRoot = "";
			targets = (
				DE5B83641BFBD019008F3F2B /* MonthTracker */,
				DE5B837D1BFBD019008F3F2B /* MonthTrackerTests */,
			);
		};
/* End PBXProject section */

/* Begin PBXResourcesBuildPhase section */
		DE5B83631BFBD019008F3F2B /* Resources */ = {
			isa = PBXResourcesBuildPhase;
			buildActionMask = 2147483647;
			files = (
				DE5B83AB1BFC0148008F3F2B /* MonthPickerViewController.xib in Resources */,
				DEE8D1AE1BFD37FC00213F9F /* ItemsViewController.xib in Resources */,
				DE5B83791BFBD019008F3F2B /* LaunchScreen.xib in Resources */,
				DE5B83761BFBD019008F3F2B /* Images.xcassets in Resources */,
				DE5B83A11BFBF607008F3F2B /* IncomeViewController.xib in Resources */,
				DE5B83A61BFBF73E008F3F2B /* ExpensiveViewController.xib in Resources */,
			);
			runOnlyForDeploymentPostprocessing = 0;
		};
		DE5B837C1BFBD019008F3F2B /* Resources */ = {
			isa = PBXResourcesBuildPhase;
			buildActionMask = 2147483647;
			files = (
			);
			runOnlyForDeploymentPostprocessing = 0;
		};
/* End PBXResourcesBuildPhase section */

/* Begin PBXSourcesBuildPhase section */
		DE5B83611BFBD019008F3F2B /* Sources */ = {
			isa = PBXSourcesBuildPhase;
			buildActionMask = 2147483647;
			files = (
				DEE8D1A71BFD36D400213F9F /* IncomeStore.m in Sources */,
				DE5B836E1BFBD019008F3F2B /* AppDelegate.m in Sources */,
				DE5B836B1BFBD019008F3F2B /* main.m in Sources */,
				DE5B83991BFBE2DB008F3F2B /* IncomeExpenseViewController.m in Sources */,
				DEE8D1A61BFD36D400213F9F /* Income.m in Sources */,
				DE5B83AA1BFC0148008F3F2B /* MonthPickerViewController.m in Sources */,
				DEE8D1AD1BFD37FC00213F9F /* ItemsViewController.m in Sources */,
				DE5B83A01BFBF607008F3F2B /* IncomeViewController.m in Sources */,
				DE5B83A51BFBF73E008F3F2B /* ExpensiveViewController.m in Sources */,
			);
			runOnlyForDeploymentPostprocessing = 0;
		};
		DE5B837A1BFBD019008F3F2B /* Sources */ = {
			isa = PBXSourcesBuildPhase;
			buildActionMask = 2147483647;
			files = (
				DE5B83851BFBD019008F3F2B /* MonthTrackerTests.m in Sources */,
			);
			runOnlyForDeploymentPostprocessing = 0;
		};
/* End PBXSourcesBuildPhase section */

/* Begin PBXTargetDependency section */
		DE5B83801BFBD019008F3F2B /* PBXTargetDependency */ = {
			isa = PBXTargetDependency;
			target = DE5B83641BFBD019008F3F2B /* MonthTracker */;
			targetProxy = DE5B837F1BFBD019008F3F2B /* PBXContainerItemProxy */;
		};
/* End PBXTargetDependency section */

/* Begin PBXVariantGroup section */
		DE5B83771BFBD019008F3F2B /* LaunchScreen.xib */ = {
			isa = PBXVariantGroup;
			children = (
				DE5B83781BFBD019008F3F2B /* Base */,
			);
			name = LaunchScreen.xib;
			sourceTree = "<group>";
		};
/* End PBXVariantGroup section */

/* Begin XCBuildConfiguration section */
		DE5B83861BFBD019008F3F2B /* Debug */ = {
			isa = XCBuildConfiguration;
			buildSettings = {
				ALWAYS_SEARCH_USER_PATHS = NO;
				CLANG_CXX_LANGUAGE_STANDARD = "gnu++0x";
				CLANG_CXX_LIBRARY = "libc++";
				CLANG_ENABLE_MODULES = YES;
				CLANG_ENABLE_OBJC_ARC = YES;
				CLANG_WARN_BOOL_CONVERSION = YES;
				CLANG_WARN_CONSTANT_CONVERSION = YES;
				CLANG_WARN_DIRECT_OBJC_ISA_USAGE = YES_ERROR;
				CLANG_WARN_EMPTY_BODY = YES;
				CLANG_WARN_ENUM_CONVERSION = YES;
				CLANG_WARN_INT_CONVERSION = YES;
				CLANG_WARN_OBJC_ROOT_CLASS = YES_ERROR;
				CLANG_WARN_UNREACHABLE_CODE = YES;
				CLANG_WARN__DUPLICATE_METHOD_MATCH = YES;
				"CODE_SIGN_IDENTITY[sdk=iphoneos*]" = "iPhone Developer";
				COPY_PHASE_STRIP = NO;
				DEBUG_INFORMATION_FORMAT = "dwarf-with-dsym";
				ENABLE_STRICT_OBJC_MSGSEND = YES;
				GCC_C_LANGUAGE_STANDARD = gnu99;
				GCC_DYNAMIC_NO_PIC = NO;
				GCC_NO_COMMON_BLOCKS = YES;
				GCC_OPTIMIZATION_LEVEL = 0;
				GCC_PREPROCESSOR_DEFINITIONS = (
					"DEBUG=1",
					"$(inherited)",
				);
				GCC_SYMBOLS_PRIVATE_EXTERN = NO;
				GCC_WARN_64_TO_32_BIT_CONVERSION = YES;
				GCC_WARN_ABOUT_RETURN_TYPE = YES_ERROR;
				GCC_WARN_UNDECLARED_SELECTOR = YES;
				GCC_WARN_UNINITIALIZED_AUTOS = YES_AGGRESSIVE;
				GCC_WARN_UNUSED_FUNCTION = YES;
				GCC_WARN_UNUSED_VARIABLE = YES;
				IPHONEOS_DEPLOYMENT_TARGET = 8.4;
				MTL_ENABLE_DEBUG_INFO = YES;
				ONLY_ACTIVE_ARCH = YES;
				SDKROOT = iphoneos;
			};
			name = Debug;
		};
		DE5B83871BFBD019008F3F2B /* Release */ = {
			isa = XCBuildConfiguration;
			buildSettings = {
				ALWAYS_SEARCH_USER_PATHS = NO;
				CLANG_CXX_LANGUAGE_STANDARD = "gnu++0x";
				CLANG_CXX_LIBRARY = "libc++";
				CLANG_ENABLE_MODULES = YES;
				CLANG_ENABLE_OBJC_ARC = YES;
				CLANG_WARN_BOOL_CONVERSION = YES;
				CLANG_WARN_CONSTANT_CONVERSION = YES;
				CLANG_WARN_DIRECT_OBJC_ISA_USAGE = YES_ERROR;
				CLANG_WARN_EMPTY_BODY = YES;
				CLANG_WARN_ENUM_CONVERSION = YES;
				CLANG_WARN_INT_CONVERSION = YES;
				CLANG_WARN_OBJC_ROOT_CLASS = YES_ERROR;
				CLANG_WARN_UNREACHABLE_CODE = YES;
				CLANG_WARN__DUPLICATE_METHOD_MATCH = YES;
				"CODE_SIGN_IDENTITY[sdk=iphoneos*]" = "iPhone Developer";
				COPY_PHASE_STRIP = NO;
				DEBUG_INFORMATION_FORMAT = "dwarf-with-dsym";
				ENABLE_NS_ASSERTIONS = NO;
				ENABLE_STRICT_OBJC_MSGSEND = YES;
				GCC_C_LANGUAGE_STANDARD = gnu99;
				GCC_NO_COMMON_BLOCKS = YES;
				GCC_WARN_64_TO_32_BIT_CONVERSION = YES;
				GCC_WARN_ABOUT_RETURN_TYPE = YES_ERROR;
				GCC_WARN_UNDECLARED_SELECTOR = YES;
				GCC_WARN_UNINITIALIZED_AUTOS = YES_AGGRESSIVE;
				GCC_WARN_UNUSED_FUNCTION = YES;
				GCC_WARN_UNUSED_VARIABLE = YES;
				IPHONEOS_DEPLOYMENT_TARGET = 8.4;
				MTL_ENABLE_DEBUG_INFO = NO;
				SDKROOT = iphoneos;
				VALIDATE_PRODUCT = YES;
			};
			name = Release;
		};
		DE5B83891BFBD019008F3F2B /* Debug */ = {
			isa = XCBuildConfiguration;
			buildSettings = {
				ASSETCATALOG_COMPILER_APPICON_NAME = AppIcon;
				INFOPLIST_FILE = MonthTracker/Info.plist;
				LD_RUNPATH_SEARCH_PATHS = "$(inherited) @executable_path/Frameworks";
				PRODUCT_NAME = "$(TARGET_NAME)";
				TARGETED_DEVICE_FAMILY = "1,2";
			};
			name = Debug;
		};
		DE5B838A1BFBD019008F3F2B /* Release */ = {
			isa = XCBuildConfiguration;
			buildSettings = {
				ASSETCATALOG_COMPILER_APPICON_NAME = AppIcon;
				INFOPLIST_FILE = MonthTracker/Info.plist;
				LD_RUNPATH_SEARCH_PATHS = "$(inherited) @executable_path/Frameworks";
				PRODUCT_NAME = "$(TARGET_NAME)";
				TARGETED_DEVICE_FAMILY = "1,2";
			};
			name = Release;
		};
		DE5B838C1BFBD019008F3F2B /* Debug */ = {
			isa = XCBuildConfiguration;
			buildSettings = {
				BUNDLE_LOADER = "$(TEST_HOST)";
				FRAMEWORK_SEARCH_PATHS = (
					"$(SDKROOT)/Developer/Library/Frameworks",
					"$(inherited)",
				);
				GCC_PREPROCESSOR_DEFINITIONS = (
					"DEBUG=1",
					"$(inherited)",
				);
				INFOPLIST_FILE = MonthTrackerTests/Info.plist;
				LD_RUNPATH_SEARCH_PATHS = "$(inherited) @executable_path/Frameworks @loader_path/Frameworks";
				PRODUCT_NAME = "$(TARGET_NAME)";
				TEST_HOST = "$(BUILT_PRODUCTS_DIR)/MonthTracker.app/MonthTracker";
			};
			name = Debug;
		};
		DE5B838D1BFBD019008F3F2B /* Release */ = {
			isa = XCBuildConfiguration;
			buildSettings = {
				BUNDLE_LOADER = "$(TEST_HOST)";
				FRAMEWORK_SEARCH_PATHS = (
					"$(SDKROOT)/Developer/Library/Frameworks",
					"$(inherited)",
				);
				INFOPLIST_FILE = MonthTrackerTests/Info.plist;
				LD_RUNPATH_SEARCH_PATHS = "$(inherited) @executable_path/Frameworks @loader_path/Frameworks";
				PRODUCT_NAME = "$(TARGET_NAME)";
				TEST_HOST = "$(BUILT_PRODUCTS_DIR)/MonthTracker.app/MonthTracker";
			};
			name = Release;
		};
/* End XCBuildConfiguration section */

/* Begin XCConfigurationList section */
		DE5B83601BFBD019008F3F2B /* Build configuration list for PBXProject "MonthTracker" */ = {
			isa = XCConfigurationList;
			buildConfigurations = (
				DE5B83861BFBD019008F3F2B /* Debug */,
				DE5B83871BFBD019008F3F2B /* Release */,
			);
			defaultConfigurationIsVisible = 0;
			defaultConfigurationName = Release;
		};
		DE5B83881BFBD019008F3F2B /* Build configuration list for PBXNativeTarget "MonthTracker" */ = {
			isa = XCConfigurationList;
			buildConfigurations = (
				DE5B83891BFBD019008F3F2B /* Debug */,
				DE5B838A1BFBD019008F3F2B /* Release */,
			);
			defaultConfigurationIsVisible = 0;
			defaultConfigurationName = Release;
		};
		DE5B838B1BFBD019008F3F2B /* Build configuration list for PBXNativeTarget "MonthTrackerTests" */ = {
			isa = XCConfigurationList;
			buildConfigurations = (
				DE5B838C1BFBD019008F3F2B /* Debug */,
				DE5B838D1BFBD019008F3F2B /* Release */,
			);
			defaultConfigurationIsVisible = 0;
			defaultConfigurationName = Release;
		};
/* End XCConfigurationList section */
	};
	rootObject = DE5B835D1BFBD019008F3F2B /* Project object */;
}
